
Microsoft Visual Studio Solution File, Format Version 12.00
# Visual Studio Version 17
VisualStudioVersion = 17.5.33414.496
MinimumVisualStudioVersion = 10.0.40219.1
Project("{2150E333-8FDC-42A3-9474-1A3956D46DE8}") = "src", "src", "{D27B579D-3C40-4A55-A9FC-90304239952B}"
EndProject
Project("{2150E333-8FDC-42A3-9474-1A3956D46DE8}") = "test", "test", "{F879397D-49EC-4B81-9312-907B895BC5DE}"
EndProject
Project("{2150E333-8FDC-42A3-9474-1A3956D46DE8}") = "Components", "Components", "{E532DCFE-650D-4BE2-8889-E10D82107D2A}"
EndProject
Project("{2150E333-8FDC-42A3-9474-1A3956D46DE8}") = "Base", "Base", "{ABFA225D-48AA-4735-8F83-DF6A04B3E356}"
EndProject
Project("{2150E333-8FDC-42A3-9474-1A3956D46DE8}") = "Droid", "Droid", "{B1CDFD78-70F8-4BED-9D81-652E9F897C30}"
EndProject
Project("{2150E333-8FDC-42A3-9474-1A3956D46DE8}") = "IOs", "IOs", "{4A620AA2-65F1-4FEE-AAEC-BCE1391315E8}"
EndProject
Project("{9A19103F-16F7-4668-BE54-9A1E7A4F7556}") = "InstagramLibrary.Base", "InstagramLibrary.Base\InstagramLibrary.Base.csproj", "{012C1FB4-E862-4157-9CB3-7ED40CCA5A87}"
EndProject
Project("{FAE04EC0-301F-11D3-BF4B-00C04F79EFBC}") = "InstagramLibrary.Droid", "InstagramLibrary.Droid\InstagramLibrary.Droid.csproj", "{89987CC0-7852-479F-8151-97EDB7691077}"
EndProject
Project("{2150E333-8FDC-42A3-9474-1A3956D46DE8}") = "App", "App", "{2558A3D9-4552-4706-9DF8-40531000EABE}"
EndProject
Project("{FAE04EC0-301F-11D3-BF4B-00C04F79EFBC}") = "AppTest.Android", "AppTest\AppTest.Android\AppTest.Android.csproj", "{65D34333-AD10-4703-93A8-40E062A69186}"
EndProject
Project("{FAE04EC0-301F-11D3-BF4B-00C04F79EFBC}") = "AppTest", "AppTest\AppTest\AppTest.csproj", "{823D48BC-A559-4A98-9593-6AE8C5E6226C}"
EndProject
Global
	GlobalSection(SolutionConfigurationPlatforms) = preSolution
		Debug|Any CPU = Debug|Any CPU
		Release|Any CPU = Release|Any CPU
	EndGlobalSection
	GlobalSection(ProjectConfigurationPlatforms) = postSolution
		{012C1FB4-E862-4157-9CB3-7ED40CCA5A87}.Debug|Any CPU.ActiveCfg = Debug|Any CPU
		{012C1FB4-E862-4157-9CB3-7ED40CCA5A87}.Debug|Any CPU.Build.0 = Debug|Any CPU
		{012C1FB4-E862-4157-9CB3-7ED40CCA5A87}.Release|Any CPU.ActiveCfg = Release|Any CPU
		{012C1FB4-E862-4157-9CB3-7ED40CCA5A87}.Release|Any CPU.Build.0 = Release|Any CPU
		{89987CC0-7852-479F-8151-97EDB7691077}.Debug|Any CPU.ActiveCfg = Debug|Any CPU
		{89987CC0-7852-479F-8151-97EDB7691077}.Debug|Any CPU.Build.0 = Debug|Any CPU
		{89987CC0-7852-479F-8151-97EDB7691077}.Release|Any CPU.ActiveCfg = Release|Any CPU
		{89987CC0-7852-479F-8151-97EDB7691077}.Release|Any CPU.Build.0 = Release|Any CPU
		{65D34333-AD10-4703-93A8-40E062A69186}.Debug|Any CPU.ActiveCfg = Debug|Any CPU
		{65D34333-AD10-4703-93A8-40E062A69186}.Debug|Any CPU.Build.0 = Debug|Any CPU
		{65D34333-AD10-4703-93A8-40E062A69186}.Debug|Any CPU.Deploy.0 = Debug|Any CPU
		{65D34333-AD10-4703-93A8-40E062A69186}.Release|Any CPU.ActiveCfg = Release|Any CPU
		{65D34333-AD10-4703-93A8-40E062A69186}.Release|Any CPU.Build.0 = Release|Any CPU
		{65D34333-AD10-4703-93A8-40E062A69186}.Release|Any CPU.Deploy.0 = Release|Any CPU
		{823D48BC-A559-4A98-9593-6AE8C5E6226C}.Debug|Any CPU.ActiveCfg = Debug|Any CPU
		{823D48BC-A559-4A98-9593-6AE8C5E6226C}.Debug|Any CPU.Build.0 = Debug|Any CPU
		{823D48BC-A559-4A98-9593-6AE8C5E6226C}.Release|Any CPU.ActiveCfg = Release|Any CPU
		{823D48BC-A559-4A98-9593-6AE8C5E6226C}.Release|Any CPU.Build.0 = Release|Any CPU
	EndGlobalSection
	GlobalSection(SolutionProperties) = preSolution
		HideSolutionNode = FALSE
	EndGlobalSection
	GlobalSection(NestedProjects) = preSolution
		{E532DCFE-650D-4BE2-8889-E10D82107D2A} = {D27B579D-3C40-4A55-A9FC-90304239952B}
		{ABFA225D-48AA-4735-8F83-DF6A04B3E356} = {E532DCFE-650D-4BE2-8889-E10D82107D2A}
		{B1CDFD78-70F8-4BED-9D81-652E9F897C30} = {E532DCFE-650D-4BE2-8889-E10D82107D2A}
		{4A620AA2-65F1-4FEE-AAEC-BCE1391315E8} = {E532DCFE-650D-4BE2-8889-E10D82107D2A}
		{012C1FB4-E862-4157-9CB3-7ED40CCA5A87} = {ABFA225D-48AA-4735-8F83-DF6A04B3E356}
		{89987CC0-7852-479F-8151-97EDB7691077} = {B1CDFD78-70F8-4BED-9D81-652E9F897C30}
		{65D34333-AD10-4703-93A8-40E062A69186} = {2558A3D9-4552-4706-9DF8-40531000EABE}
		{823D48BC-A559-4A98-9593-6AE8C5E6226C} = {2558A3D9-4552-4706-9DF8-40531000EABE}
	EndGlobalSection
	GlobalSection(ExtensibilityGlobals) = postSolution
		SolutionGuid = {9FB8C3D2-DF7E-4245-8567-A59C2A5B2D4E}
	EndGlobalSection
EndGlobal
